
Microsoft Visual Studio Solution File, Format Version 12.00
# Visual Studio Version 17
VisualStudioVersion = 17.3.32901.215
MinimumVisualStudioVersion = 10.0.40219.1
Project("{FAE04EC0-301F-11D3-BF4B-00C04F79EFBC}") = "fd64yt_irf_week4", "fd64yt_irf_week4\fd64yt_irf_week4.csproj", "{667BCD8C-D63F-4684-8366-6E2C4D555582}"
EndProject
Global
	GlobalSection(SolutionConfigurationPlatforms) = preSolution
		Debug|Any CPU = Debug|Any CPU
		Release|Any CPU = Release|Any CPU
	EndGlobalSection
	GlobalSection(ProjectConfigurationPlatforms) = postSolution
		{667BCD8C-D63F-4684-8366-6E2C4D555582}.Debug|Any CPU.ActiveCfg = Debug|Any CPU
		{667BCD8C-D63F-4684-8366-6E2C4D555582}.Debug|Any CPU.Build.0 = Debug|Any CPU
		{667BCD8C-D63F-4684-8366-6E2C4D555582}.Release|Any CPU.ActiveCfg = Release|Any CPU
		{667BCD8C-D63F-4684-8366-6E2C4D555582}.Release|Any CPU.Build.0 = Release|Any CPU
	EndGlobalSection
	GlobalSection(SolutionProperties) = preSolution
		HideSolutionNode = FALSE
	EndGlobalSection
	GlobalSection(ExtensibilityGlobals) = postSolution
		SolutionGuid = {B91A068A-3CA7-47E8-B3F4-8D3CFB59EC3D}
	EndGlobalSection
EndGlobal
