
Microsoft Visual Studio Solution File, Format Version 12.00
# Visual Studio Version 17
VisualStudioVersion = 17.3.32901.215
MinimumVisualStudioVersion = 10.0.40219.1
Project("{FAE04EC0-301F-11D3-BF4B-00C04F79EFBC}") = "fd64yt_irf_week6", "fd64yt_irf_week6\fd64yt_irf_week6.csproj", "{D1CF3728-9D83-4CD3-9FB9-5E8C02ED4224}"
EndProject
Global
	GlobalSection(SolutionConfigurationPlatforms) = preSolution
		Debug|Any CPU = Debug|Any CPU
		Release|Any CPU = Release|Any CPU
	EndGlobalSection
	GlobalSection(ProjectConfigurationPlatforms) = postSolution
		{D1CF3728-9D83-4CD3-9FB9-5E8C02ED4224}.Debug|Any CPU.ActiveCfg = Debug|Any CPU
		{D1CF3728-9D83-4CD3-9FB9-5E8C02ED4224}.Debug|Any CPU.Build.0 = Debug|Any CPU
		{D1CF3728-9D83-4CD3-9FB9-5E8C02ED4224}.Release|Any CPU.ActiveCfg = Release|Any CPU
		{D1CF3728-9D83-4CD3-9FB9-5E8C02ED4224}.Release|Any CPU.Build.0 = Release|Any CPU
	EndGlobalSection
	GlobalSection(SolutionProperties) = preSolution
		HideSolutionNode = FALSE
	EndGlobalSection
	GlobalSection(ExtensibilityGlobals) = postSolution
		SolutionGuid = {3525D391-6390-446F-A37E-722D5815785F}
	EndGlobalSection
EndGlobal
